{
  "nodes": {
    "nixpkgs": {
      "locked": {
        "lastModified": 1614204421,
        "narHash": "sha256-F5NObgEHo4eKVfIaqbfJANT9p0wfoReh5hyhVeaS9PA=",
        "owner": "johannesloetzsch",
        "repo": "nixpkgs",
        "rev": "e54471af8607e306f3da55fd3abd0f5295d6fac9",
        "type": "github"
      },
      "original": {
        "owner": "johannesloetzsch",
        "ref": "github-release",
        "repo": "nixpkgs",
        "type": "github"
      }
    },
    "root": {
      "inputs": {
        "nixpkgs": "nixpkgs"
      }
    }
  },
  "root": "root",
  "version": 7
}
